
Microsoft Visual Studio Solution File, Format Version 12.00
# Visual Studio Version 17
VisualStudioVersion = 17.13.36105.23 d17.13
MinimumVisualStudioVersion = 10.0.40219.1
Project("{FAE04EC0-301F-11D3-BF4B-00C04F79EFBC}") = "DockerFunction", "DockerFunction\DockerFunction.csproj", "{79EF6041-913F-4AA3-84EB-075E23D3089D}"
EndProject
Global
	GlobalSection(SolutionConfigurationPlatforms) = preSolution
		Debug|Any CPU = Debug|Any CPU
		Release|Any CPU = Release|Any CPU
	EndGlobalSection
	GlobalSection(ProjectConfigurationPlatforms) = postSolution
		{79EF6041-913F-4AA3-84EB-075E23D3089D}.Debug|Any CPU.ActiveCfg = Debug|Any CPU
		{79EF6041-913F-4AA3-84EB-075E23D3089D}.Debug|Any CPU.Build.0 = Debug|Any CPU
		{79EF6041-913F-4AA3-84EB-075E23D3089D}.Release|Any CPU.ActiveCfg = Release|Any CPU
		{79EF6041-913F-4AA3-84EB-075E23D3089D}.Release|Any CPU.Build.0 = Release|Any CPU
	EndGlobalSection
	GlobalSection(SolutionProperties) = preSolution
		HideSolutionNode = FALSE
	EndGlobalSection
	GlobalSection(ExtensibilityGlobals) = postSolution
		SolutionGuid = {EAB9FEF4-9FC5-497D-B9D8-D73DB91713D0}
	EndGlobalSection
EndGlobal
